<Solution>
  <Folder Name="/API/">
    <Project Path="timereporting-api/GMG.TimeReporting.Core/GMG.TimeReporting.Core.csproj" />
    <Project Path="timereporting-api/GMG.TimeReporting.UnitTests/GMG.TimeReporting.UnitTests.csproj" />
    <Project Path="timereporting-api/GMG.TimeReporting.WebApi/GMG.TimeReporting.WebApi.csproj" />
  </Folder>
  <Folder Name="/Client/">
    <Project Path="timereporting-ui/GMG.TimeReporting.Ui.esproj">
      <Build />
      <Deploy />
    </Project>
  </Folder>
</Solution>
